# This file is automatically @generated by Poetry 1.8.2 and should not be changed by hand.

[[package]]
name = "freecad-stubs"
version = "1.0.21"
description = "Python stubs for FreeCAD"
optional = false
python-versions = ">=3.6"
files = [
    {file = "freecad_stubs-1.0.21-py3-none-any.whl", hash = "sha256:fa96244b1a05e5130b0f96b3eb4ef9aca0f0aa437fff8000cb0750bdbb4edccc"},
    {file = "freecad_stubs-1.0.21.tar.gz", hash = "sha256:816b2ca663a44e75189482ab970f90278a112ff2b99f64edd216c13d553b52f5"},
]

[package.dependencies]
qtpy = "*"

[package.extras]
all = ["freecad-stubs[check,generate,stub-gen]"]
check = ["PyQt5", "PyQt5-stubs", "black", "mypy", "pylint", "pyright", "pytest", "qtpy"]
generate = ["GitPython", "dataclass_binder", "joblib", "more-itertools", "pcpp", "typed-argparse"]
stub-gen = ["libclang"]

[[package]]
name = "packaging"
version = "26.2"
description = "Core utilities for Python packages"
optional = false
python-versions = ">=3.8"
files = [
    {file = "packaging-26.2-py3-none-any.whl", hash = "sha256:5fc45236b9446107ff2415ce77c807cee2862cb6fac22b8a73826d0693b0980e"},
    {file = "packaging-26.2.tar.gz", hash = "sha256:ff452ff5a3e828ce110190feff1178bb1f2ea2281fa2075aadb987c2fb221661"},
]

[[package]]
name = "qtpy"
version = "2.4.3"
description = "Provides an abstraction layer on top of the various Qt bindings (PyQt5/6 and PySide2/6)."
optional = false
python-versions = ">=3.7"
files = [
    {file = "QtPy-2.4.3-py3-none-any.whl", hash = "sha256:72095afe13673e017946cc258b8d5da43314197b741ed2890e563cf384b51aa1"},
    {file = "qtpy-2.4.3.tar.gz", hash = "sha256:db744f7832e6d3da90568ba6ccbca3ee2b3b4a890c3d6fbbc63142f6e4cdf5bb"},
]

[package.dependencies]
packaging = "*"

[package.extras]
test = ["pytest (>=6,!=7.0.0,!=7.0.1)", "pytest-cov (>=3.0.0)", "pytest-qt"]

[metadata]
lock-version = "2.0"
python-versions = "^3.12"
content-hash = "83b3eb46fc604aaed7d4093d054994f9e9d50d7b828c8031ad74e5037cf4b434"
